// !$*UTF8*$!
{
	archiveVersion = 1;
	classes = {
	};
	objectVersion = 46;
	objects = {

/* Begin PBXBuildFile section */
		3834E4FF197911EC00E98FB8 /* Foundation.framework in Frameworks */ = {isa = PBXBuildFile; fileRef = 3834E4FE197911EC00E98FB8 /* Foundation.framework */; };
		3834E501197911EC00E98FB8 /* CoreGraphics.framework in Frameworks */ = {isa = PBXBuildFile; fileRef = 3834E500197911EC00E98FB8 /* CoreGraphics.framework */; };
		3834E503197911EC00E98FB8 /* UIKit.framework in Frameworks */ = {isa = PBXBuildFile; fileRef = 3834E502197911EC00E98FB8 /* UIKit.framework */; };
		3834E505197911EC00E98FB8 /* CoreData.framework in Frameworks */ = {isa = PBXBuildFile; fileRef = 3834E504197911EC00E98FB8 /* CoreData.framework */; };
		3834E50B197911EC00E98FB8 /* InfoPlist.strings in Resources */ = {isa = PBXBuildFile; fileRef = 3834E509197911EC00E98FB8 /* InfoPlist.strings */; };
		3834E50D197911EC00E98FB8 /* main.m in Sources */ = {isa = PBXBuildFile; fileRef = 3834E50C197911EC00E98FB8 /* main.m */; };
		3834E511197911EC00E98FB8 /* HYAppDelegate.m in Sources */ = {isa = PBXBuildFile; fileRef = 3834E510197911EC00E98FB8 /* HYAppDelegate.m */; };
		3834E514197911EC00E98FB8 /* Main.storyboard in Resources */ = {isa = PBXBuildFile; fileRef = 3834E512197911EC00E98FB8 /* Main.storyboard */; };
		3834E517197911EC00E98FB8 /* controllingSource.xcdatamodeld in Sources */ = {isa = PBXBuildFile; fileRef = 3834E515197911EC00E98FB8 /* controllingSource.xcdatamodeld */; };
		3834E51A197911EC00E98FB8 /* HYMasterViewController.m in Sources */ = {isa = PBXBuildFile; fileRef = 3834E519197911EC00E98FB8 /* HYMasterViewController.m */; };
		3834E51D197911EC00E98FB8 /* HYDetailViewController.m in Sources */ = {isa = PBXBuildFile; fileRef = 3834E51C197911EC00E98FB8 /* HYDetailViewController.m */; };
		3834E51F197911EC00E98FB8 /* Images.xcassets in Resources */ = {isa = PBXBuildFile; fileRef = 3834E51E197911EC00E98FB8 /* Images.xcassets */; };
		3834E526197911EC00E98FB8 /* XCTest.framework in Frameworks */ = {isa = PBXBuildFile; fileRef = 3834E525197911EC00E98FB8 /* XCTest.framework */; };
		3834E527197911EC00E98FB8 /* Foundation.framework in Frameworks */ = {isa = PBXBuildFile; fileRef = 3834E4FE197911EC00E98FB8 /* Foundation.framework */; };
		3834E528197911EC00E98FB8 /* UIKit.framework in Frameworks */ = {isa = PBXBuildFile; fileRef = 3834E502197911EC00E98FB8 /* UIKit.framework */; };
		3834E529197911EC00E98FB8 /* CoreData.framework in Frameworks */ = {isa = PBXBuildFile; fileRef = 3834E504197911EC00E98FB8 /* CoreData.framework */; };
		3834E531197911EC00E98FB8 /* InfoPlist.strings in Resources */ = {isa = PBXBuildFile; fileRef = 3834E52F197911EC00E98FB8 /* InfoPlist.strings */; };
		3834E533197911EC00E98FB8 /* controllingSourceTests.m in Sources */ = {isa = PBXBuildFile; fileRef = 3834E532197911EC00E98FB8 /* controllingSourceTests.m */; };
/* End PBXBuildFile section */

/* Begin PBXContainerItemProxy section */
		3834E52A197911EC00E98FB8 /* PBXContainerItemProxy */ = {
			isa = PBXContainerItemProxy;
			containerPortal = 3834E4F3197911EC00E98FB8 /* Project object */;
			proxyType = 1;
			remoteGlobalIDString = 3834E4FA197911EC00E98FB8;
			remoteInfo = controllingSource;
		};
/* End PBXContainerItemProxy section */

/* Begin PBXFileReference section */
		3834E4FB197911EC00E98FB8 /* controllingSource.app */ = {isa = PBXFileReference; explicitFileType = wrapper.application; includeInIndex = 0; path = controllingSource.app; sourceTree = BUILT_PRODUCTS_DIR; };
		3834E4FE197911EC00E98FB8 /* Foundation.framework */ = {isa = PBXFileReference; lastKnownFileType = wrapper.framework; name = Foundation.framework; path = System/Library/Frameworks/Foundation.framework; sourceTree = SDKROOT; };
		3834E500197911EC00E98FB8 /* CoreGraphics.framework */ = {isa = PBXFileReference; lastKnownFileType = wrapper.framework; name = CoreGraphics.framework; path = System/Library/Frameworks/CoreGraphics.framework; sourceTree = SDKROOT; };
		3834E502197911EC00E98FB8 /* UIKit.framework */ = {isa = PBXFileReference; lastKnownFileType = wrapper.framework; name = UIKit.framework; path = System/Library/Frameworks/UIKit.framework; sourceTree = SDKROOT; };
		3834E504197911EC00E98FB8 /* CoreData.framework */ = {isa = PBXFileReference; lastKnownFileType = wrapper.framework; name = CoreData.framework; path = System/Library/Frameworks/CoreData.framework; sourceTree = SDKROOT; };
		3834E508197911EC00E98FB8 /* controllingSource-Info.plist */ = {isa = PBXFileReference; lastKnownFileType = text.plist.xml; path = "controllingSource-Info.plist"; sourceTree = "<group>"; };
		3834E50A197911EC00E98FB8 /* en */ = {isa = PBXFileReference; lastKnownFileType = text.plist.strings; name = en; path = en.lproj/InfoPlist.strings; sourceTree = "<group>"; };
		3834E50C197911EC00E98FB8 /* main.m */ = {isa = PBXFileReference; lastKnownFileType = sourcecode.c.objc; path = main.m; sourceTree = "<group>"; };
		3834E50E197911EC00E98FB8 /* controllingSource-Prefix.pch */ = {isa = PBXFileReference; lastKnownFileType = sourcecode.c.h; path = "controllingSource-Prefix.pch"; sourceTree = "<group>"; };
		3834E50F197911EC00E98FB8 /* HYAppDelegate.h */ = {isa = PBXFileReference; lastKnownFileType = sourcecode.c.h; path = HYAppDelegate.h; sourceTree = "<group>"; };
		3834E510197911EC00E98FB8 /* HYAppDelegate.m */ = {isa = PBXFileReference; lastKnownFileType = sourcecode.c.objc; path = HYAppDelegate.m; sourceTree = "<group>"; };
		3834E513197911EC00E98FB8 /* Base */ = {isa = PBXFileReference; lastKnownFileType = file.storyboard; name = Base; path = Base.lproj/Main.storyboard; sourceTree = "<group>"; };
		3834E516197911EC00E98FB8 /* controllingSource.xcdatamodel */ = {isa = PBXFileReference; lastKnownFileType = wrapper.xcdatamodel; path = controllingSource.xcdatamodel; sourceTree = "<group>"; };
		3834E518197911EC00E98FB8 /* HYMasterViewController.h */ = {isa = PBXFileReference; lastKnownFileType = sourcecode.c.h; path = HYMasterViewController.h; sourceTree = "<group>"; };
		3834E519197911EC00E98FB8 /* HYMasterViewController.m */ = {isa = PBXFileReference; lastKnownFileType = sourcecode.c.objc; path = HYMasterViewController.m; sourceTree = "<group>"; };
		3834E51B197911EC00E98FB8 /* HYDetailViewController.h */ = {isa = PBXFileReference; lastKnownFileType = sourcecode.c.h; path = HYDetailViewController.h; sourceTree = "<group>"; };
		3834E51C197911EC00E98FB8 /* HYDetailViewController.m */ = {isa = PBXFileReference; lastKnownFileType = sourcecode.c.objc; path = HYDetailViewController.m; sourceTree = "<group>"; };
		3834E51E197911EC00E98FB8 /* Images.xcassets */ = {isa = PBXFileReference; lastKnownFileType = folder.assetcatalog; path = Images.xcassets; sourceTree = "<group>"; };
		3834E524197911EC00E98FB8 /* controllingSourceTests.xctest */ = {isa = PBXFileReference; explicitFileType = wrapper.cfbundle; includeInIndex = 0; path = controllingSourceTests.xctest; sourceTree = BUILT_PRODUCTS_DIR; };
		3834E525197911EC00E98FB8 /* XCTest.framework */ = {isa = PBXFileReference; lastKnownFileType = wrapper.framework; name = XCTest.framework; path = Library/Frameworks/XCTest.framework; sourceTree = DEVELOPER_DIR; };
		3834E52E197911EC00E98FB8 /* controllingSourceTests-Info.plist */ = {isa = PBXFileReference; lastKnownFileType = text.plist.xml; path = "controllingSourceTests-Info.plist"; sourceTree = "<group>"; };
		3834E530197911EC00E98FB8 /* en */ = {isa = PBXFileReference; lastKnownFileType = text.plist.strings; name = en; path = en.lproj/InfoPlist.strings; sourceTree = "<group>"; };
		3834E532197911EC00E98FB8 /* controllingSourceTests.m */ = {isa = PBXFileReference; lastKnownFileType = sourcecode.c.objc; path = controllingSourceTests.m; sourceTree = "<group>"; };
/* End PBXFileReference section */

/* Begin PBXFrameworksBuildPhase section */
		3834E4F8197911EC00E98FB8 /* Frameworks */ = {
			isa = PBXFrameworksBuildPhase;
			buildActionMask = 2147483647;
			files = (
				3834E501197911EC00E98FB8 /* CoreGraphics.framework in Frameworks */,
				3834E505197911EC00E98FB8 /* CoreData.framework in Frameworks */,
				3834E503197911EC00E98FB8 /* UIKit.framework in Frameworks */,
				3834E4FF197911EC00E98FB8 /* Foundation.framework in Frameworks */,
			);
			runOnlyForDeploymentPostprocessing = 0;
		};
		3834E521197911EC00E98FB8 /* Frameworks */ = {
			isa = PBXFrameworksBuildPhase;
			buildActionMask = 2147483647;
			files = (
				3834E526197911EC00E98FB8 /* XCTest.framework in Frameworks */,
				3834E529197911EC00E98FB8 /* CoreData.framework in Frameworks */,
				3834E528197911EC00E98FB8 /* UIKit.framework in Frameworks */,
				3834E527197911EC00E98FB8 /* Foundation.framework in Frameworks */,
			);
			runOnlyForDeploymentPostprocessing = 0;
		};
/* End PBXFrameworksBuildPhase section */

/* Begin PBXGroup section */
		3834E4F2197911EC00E98FB8 = {
			isa = PBXGroup;
			children = (
				3834E506197911EC00E98FB8 /* controllingSource */,
				3834E52C197911EC00E98FB8 /* controllingSourceTests */,
				3834E4FD197911EC00E98FB8 /* Frameworks */,
				3834E4FC197911EC00E98FB8 /* Products */,
			);
			sourceTree = "<group>";
		};
		3834E4FC197911EC00E98FB8 /* Products */ = {
			isa = PBXGroup;
			children = (
				3834E4FB197911EC00E98FB8 /* controllingSource.app */,
				3834E524197911EC00E98FB8 /* controllingSourceTests.xctest */,
			);
			name = Products;
			sourceTree = "<group>";
		};
		3834E4FD197911EC00E98FB8 /* Frameworks */ = {
			isa = PBXGroup;
			children = (
				3834E4FE197911EC00E98FB8 /* Foundation.framework */,
				3834E500197911EC00E98FB8 /* CoreGraphics.framework */,
				3834E502197911EC00E98FB8 /* UIKit.framework */,
				3834E504197911EC00E98FB8 /* CoreData.framework */,
				3834E525197911EC00E98FB8 /* XCTest.framework */,
			);
			name = Frameworks;
			sourceTree = "<group>";
		};
		3834E506197911EC00E98FB8 /* controllingSource */ = {
			isa = PBXGroup;
			children = (
				3834E50F197911EC00E98FB8 /* HYAppDelegate.h */,
				3834E510197911EC00E98FB8 /* HYAppDelegate.m */,
				3834E512197911EC00E98FB8 /* Main.storyboard */,
				3834E518197911EC00E98FB8 /* HYMasterViewController.h */,
				3834E519197911EC00E98FB8 /* HYMasterViewController.m */,
				3834E51B197911EC00E98FB8 /* HYDetailViewController.h */,
				3834E51C197911EC00E98FB8 /* HYDetailViewController.m */,
				3834E51E197911EC00E98FB8 /* Images.xcassets */,
				3834E515197911EC00E98FB8 /* controllingSource.xcdatamodeld */,
				3834E507197911EC00E98FB8 /* Supporting Files */,
			);
			path = controllingSource;
			sourceTree = "<group>";
		};
		3834E507197911EC00E98FB8 /* Supporting Files */ = {
			isa = PBXGroup;
			children = (
				3834E508197911EC00E98FB8 /* controllingSource-Info.plist */,
				3834E509197911EC00E98FB8 /* InfoPlist.strings */,
				3834E50C197911EC00E98FB8 /* main.m */,
				3834E50E197911EC00E98FB8 /* controllingSource-Prefix.pch */,
			);
			name = "Supporting Files";
			sourceTree = "<group>";
		};
		3834E52C197911EC00E98FB8 /* controllingSourceTests */ = {
			isa = PBXGroup;
			children = (
				3834E532197911EC00E98FB8 /* controllingSourceTests.m */,
				3834E52D197911EC00E98FB8 /* Supporting Files */,
			);
			path = controllingSourceTests;
			sourceTree = "<group>";
		};
		3834E52D197911EC00E98FB8 /* Supporting Files */ = {
			isa = PBXGroup;
			children = (
				3834E52E197911EC00E98FB8 /* controllingSourceTests-Info.plist */,
				3834E52F197911EC00E98FB8 /* InfoPlist.strings */,
			);
			name = "Supporting Files";
			sourceTree = "<group>";
		};
/* End PBXGroup section */

/* Begin PBXNativeTarget section */
		3834E4FA197911EC00E98FB8 /* controllingSource */ = {
			isa = PBXNativeTarget;
			buildConfigurationList = 3834E536197911EC00E98FB8 /* Build configuration list for PBXNativeTarget "controllingSource" */;
			buildPhases = (
				3834E4F7197911EC00E98FB8 /* Sources */,
				3834E4F8197911EC00E98FB8 /* Frameworks */,
				3834E4F9197911EC00E98FB8 /* Resources */,
			);
			buildRules = (
			);
			dependencies = (
			);
			name = controllingSource;
			productName = controllingSource;
			productReference = 3834E4FB197911EC00E98FB8 /* controllingSource.app */;
			productType = "com.apple.product-type.application";
		};
		3834E523197911EC00E98FB8 /* controllingSourceTests */ = {
			isa = PBXNativeTarget;
			buildConfigurationList = 3834E539197911EC00E98FB8 /* Build configuration list for PBXNativeTarget "controllingSourceTests" */;
			buildPhases = (
				3834E520197911EC00E98FB8 /* Sources */,
				3834E521197911EC00E98FB8 /* Frameworks */,
				3834E522197911EC00E98FB8 /* Resources */,
			);
			buildRules = (
			);
			dependencies = (
				3834E52B197911EC00E98FB8 /* PBXTargetDependency */,
			);
			name = controllingSourceTests;
			productName = controllingSourceTests;
			productReference = 3834E524197911EC00E98FB8 /* controllingSourceTests.xctest */;
			productType = "com.apple.product-type.bundle.unit-test";
		};
/* End PBXNativeTarget section */

/* Begin PBXProject section */
		3834E4F3197911EC00E98FB8 /* Project object */ = {
			isa = PBXProject;
			attributes = {
				CLASSPREFIX = HY;
				LastUpgradeCheck = 0510;
				ORGANIZATIONNAME = crg;
				TargetAttributes = {
					3834E523197911EC00E98FB8 = {
						TestTargetID = 3834E4FA197911EC00E98FB8;
					};
				};
			};
			buildConfigurationList = 3834E4F6197911EC00E98FB8 /* Build configuration list for PBXProject "controllingSource" */;
			compatibilityVersion = "Xcode 3.2";
			developmentRegion = English;
			hasScannedForEncodings = 0;
			knownRegions = (
				en,
				Base,
			);
			mainGroup = 3834E4F2197911EC00E98FB8;
			productRefGroup = 3834E4FC197911EC00E98FB8 /* Products */;
			projectDirPath = "";
			projectRoot = "";
			targets = (
				3834E4FA197911EC00E98FB8 /* controllingSource */,
				3834E523197911EC00E98FB8 /* controllingSourceTests */,
			);
		};
/* End PBXProject section */

/* Begin PBXResourcesBuildPhase section */
		3834E4F9197911EC00E98FB8 /* Resources */ = {
			isa = PBXResourcesBuildPhase;
			buildActionMask = 2147483647;
			files = (
				3834E51F197911EC00E98FB8 /* Images.xcassets in Resources */,
				3834E50B197911EC00E98FB8 /* InfoPlist.strings in Resources */,
				3834E514197911EC00E98FB8 /* Main.storyboard in Resources */,
			);
			runOnlyForDeploymentPostprocessing = 0;
		};
		3834E522197911EC00E98FB8 /* Resources */ = {
			isa = PBXResourcesBuildPhase;
			buildActionMask = 2147483647;
			files = (
				3834E531197911EC00E98FB8 /* InfoPlist.strings in Resources */,
			);
			runOnlyForDeploymentPostprocessing = 0;
		};
/* End PBXResourcesBuildPhase section */

/* Begin PBXSourcesBuildPhase section */
		3834E4F7197911EC00E98FB8 /* Sources */ = {
			isa = PBXSourcesBuildPhase;
			buildActionMask = 2147483647;
			files = (
				3834E51D197911EC00E98FB8 /* HYDetailViewController.m in Sources */,
				3834E50D197911EC00E98FB8 /* main.m in Sources */,
				3834E511197911EC00E98FB8 /* HYAppDelegate.m in Sources */,
				3834E517197911EC00E98FB8 /* controllingSource.xcdatamodeld in Sources */,
				3834E51A197911EC00E98FB8 /* HYMasterViewController.m in Sources */,
			);
			runOnlyForDeploymentPostprocessing = 0;
		};
		3834E520197911EC00E98FB8 /* Sources */ = {
			isa = PBXSourcesBuildPhase;
			buildActionMask = 2147483647;
			files = (
				3834E533197911EC00E98FB8 /* controllingSourceTests.m in Sources */,
			);
			runOnlyForDeploymentPostprocessing = 0;
		};
/* End PBXSourcesBuildPhase section */

/* Begin PBXTargetDependency section */
		3834E52B197911EC00E98FB8 /* PBXTargetDependency */ = {
			isa = PBXTargetDependency;
			target = 3834E4FA197911EC00E98FB8 /* controllingSource */;
			targetProxy = 3834E52A197911EC00E98FB8 /* PBXContainerItemProxy */;
		};
/* End PBXTargetDependency section */

/* Begin PBXVariantGroup section */
		3834E509197911EC00E98FB8 /* InfoPlist.strings */ = {
			isa = PBXVariantGroup;
			children = (
				3834E50A197911EC00E98FB8 /* en */,
			);
			name = InfoPlist.strings;
			sourceTree = "<group>";
		};
		3834E512197911EC00E98FB8 /* Main.storyboard */ = {
			isa = PBXVariantGroup;
			children = (
				3834E513197911EC00E98FB8 /* Base */,
			);
			name = Main.storyboard;
			sourceTree = "<group>";
		};
		3834E52F197911EC00E98FB8 /* InfoPlist.strings */ = {
			isa = PBXVariantGroup;
			children = (
				3834E530197911EC00E98FB8 /* en */,
			);
			name = InfoPlist.strings;
			sourceTree = "<group>";
		};
/* End PBXVariantGroup section */

/* Begin XCBuildConfiguration section */
		3834E534197911EC00E98FB8 /* Debug */ = {
			isa = XCBuildConfiguration;
			buildSettings = {
				ALWAYS_SEARCH_USER_PATHS = NO;
				CLANG_CXX_LANGUAGE_STANDARD = "gnu++0x";
				CLANG_CXX_LIBRARY = "libc++";
				CLANG_ENABLE_MODULES = YES;
				CLANG_ENABLE_OBJC_ARC = YES;
				CLANG_WARN_BOOL_CONVERSION = YES;
				CLANG_WARN_CONSTANT_CONVERSION = YES;
				CLANG_WARN_DIRECT_OBJC_ISA_USAGE = YES_ERROR;
				CLANG_WARN_EMPTY_BODY = YES;
				CLANG_WARN_ENUM_CONVERSION = YES;
				CLANG_WARN_INT_CONVERSION = YES;
				CLANG_WARN_OBJC_ROOT_CLASS = YES_ERROR;
				CLANG_WARN__DUPLICATE_METHOD_MATCH = YES;
				"CODE_SIGN_IDENTITY[sdk=iphoneos*]" = "iPhone Developer";
				COPY_PHASE_STRIP = NO;
				GCC_C_LANGUAGE_STANDARD = gnu99;
				GCC_DYNAMIC_NO_PIC = NO;
				GCC_OPTIMIZATION_LEVEL = 0;
				GCC_PREPROCESSOR_DEFINITIONS = (
					"DEBUG=1",
					"$(inherited)",
				);
				GCC_SYMBOLS_PRIVATE_EXTERN = NO;
				GCC_WARN_64_TO_32_BIT_CONVERSION = YES;
				GCC_WARN_ABOUT_RETURN_TYPE = YES_ERROR;
				GCC_WARN_UNDECLARED_SELECTOR = YES;
				GCC_WARN_UNINITIALIZED_AUTOS = YES_AGGRESSIVE;
				GCC_WARN_UNUSED_FUNCTION = YES;
				GCC_WARN_UNUSED_VARIABLE = YES;
				IPHONEOS_DEPLOYMENT_TARGET = 7.1;
				ONLY_ACTIVE_ARCH = YES;
				SDKROOT = iphoneos;
			};
			name = Debug;
		};
		3834E535197911EC00E98FB8 /* Release */ = {
			isa = XCBuildConfiguration;
			buildSettings = {
				ALWAYS_SEARCH_USER_PATHS = NO;
				CLANG_CXX_LANGUAGE_STANDARD = "gnu++0x";
				CLANG_CXX_LIBRARY = "libc++";
				CLANG_ENABLE_MODULES = YES;
				CLANG_ENABLE_OBJC_ARC = YES;
				CLANG_WARN_BOOL_CONVERSION = YES;
				CLANG_WARN_CONSTANT_CONVERSION = YES;
				CLANG_WARN_DIRECT_OBJC_ISA_USAGE = YES_ERROR;
				CLANG_WARN_EMPTY_BODY = YES;
				CLANG_WARN_ENUM_CONVERSION = YES;
				CLANG_WARN_INT_CONVERSION = YES;
				CLANG_WARN_OBJC_ROOT_CLASS = YES_ERROR;
				CLANG_WARN__DUPLICATE_METHOD_MATCH = YES;
				"CODE_SIGN_IDENTITY[sdk=iphoneos*]" = "iPhone Developer";
				COPY_PHASE_STRIP = YES;
				ENABLE_NS_ASSERTIONS = NO;
				GCC_C_LANGUAGE_STANDARD = gnu99;
				GCC_WARN_64_TO_32_BIT_CONVERSION = YES;
				GCC_WARN_ABOUT_RETURN_TYPE = YES_ERROR;
				GCC_WARN_UNDECLARED_SELECTOR = YES;
				GCC_WARN_UNINITIALIZED_AUTOS = YES_AGGRESSIVE;
				GCC_WARN_UNUSED_FUNCTION = YES;
				GCC_WARN_UNUSED_VARIABLE = YES;
				IPHONEOS_DEPLOYMENT_TARGET = 7.1;
				SDKROOT = iphoneos;
				VALIDATE_PRODUCT = YES;
			};
			name = Release;
		};
		3834E537197911EC00E98FB8 /* Debug */ = {
			isa = XCBuildConfiguration;
			buildSettings = {
				ASSETCATALOG_COMPILER_APPICON_NAME = AppIcon;
				ASSETCATALOG_COMPILER_LAUNCHIMAGE_NAME = LaunchImage;
				GCC_PRECOMPILE_PREFIX_HEADER = YES;
				GCC_PREFIX_HEADER = "controllingSource/controllingSource-Prefix.pch";
				INFOPLIST_FILE = "controllingSource/controllingSource-Info.plist";
				PRODUCT_NAME = "$(TARGET_NAME)";
				WRAPPER_EXTENSION = app;
			};
			name = Debug;
		};
		3834E538197911EC00E98FB8 /* Release */ = {
			isa = XCBuildConfiguration;
			buildSettings = {
				ASSETCATALOG_COMPILER_APPICON_NAME = AppIcon;
				ASSETCATALOG_COMPILER_LAUNCHIMAGE_NAME = LaunchImage;
				GCC_PRECOMPILE_PREFIX_HEADER = YES;
				GCC_PREFIX_HEADER = "controllingSource/controllingSource-Prefix.pch";
				INFOPLIST_FILE = "controllingSource/controllingSource-Info.plist";
				PRODUCT_NAME = "$(TARGET_NAME)";
				WRAPPER_EXTENSION = app;
			};
			name = Release;
		};
		3834E53A197911EC00E98FB8 /* Debug */ = {
			isa = XCBuildConfiguration;
			buildSettings = {
				BUNDLE_LOADER = "$(BUILT_PRODUCTS_DIR)/controllingSource.app/controllingSource";
				FRAMEWORK_SEARCH_PATHS = (
					"$(SDKROOT)/Developer/Library/Frameworks",
					"$(inherited)",
					"$(DEVELOPER_FRAMEWORKS_DIR)",
				);
				GCC_PRECOMPILE_PREFIX_HEADER = YES;
				GCC_PREFIX_HEADER = "controllingSource/controllingSource-Prefix.pch";
				GCC_PREPROCESSOR_DEFINITIONS = (
					"DEBUG=1",
					"$(inherited)",
				);
				INFOPLIST_FILE = "controllingSourceTests/controllingSourceTests-Info.plist";
				PRODUCT_NAME = "$(TARGET_NAME)";
				TEST_HOST = "$(BUNDLE_LOADER)";
				WRAPPER_EXTENSION = xctest;
			};
			name = Debug;
		};
		3834E53B197911EC00E98FB8 /* Release */ = {
			isa = XCBuildConfiguration;
			buildSettings = {
				BUNDLE_LOADER = "$(BUILT_PRODUCTS_DIR)/controllingSource.app/controllingSource";
				FRAMEWORK_SEARCH_PATHS = (
					"$(SDKROOT)/Developer/Library/Frameworks",
					"$(inherited)",
					"$(DEVELOPER_FRAMEWORKS_DIR)",
				);
				GCC_PRECOMPILE_PREFIX_HEADER = YES;
				GCC_PREFIX_HEADER = "controllingSource/controllingSource-Prefix.pch";
				INFOPLIST_FILE = "controllingSourceTests/controllingSourceTests-Info.plist";
				PRODUCT_NAME = "$(TARGET_NAME)";
				TEST_HOST = "$(BUNDLE_LOADER)";
				WRAPPER_EXTENSION = xctest;
			};
			name = Release;
		};
/* End XCBuildConfiguration section */

/* Begin XCConfigurationList section */
		3834E4F6197911EC00E98FB8 /* Build configuration list for PBXProject "controllingSource" */ = {
			isa = XCConfigurationList;
			buildConfigurations = (
				3834E534197911EC00E98FB8 /* Debug */,
				3834E535197911EC00E98FB8 /* Release */,
			);
			defaultConfigurationIsVisible = 0;
			defaultConfigurationName = Release;
		};
		3834E536197911EC00E98FB8 /* Build configuration list for PBXNativeTarget "controllingSource" */ = {
			isa = XCConfigurationList;
			buildConfigurations = (
				3834E537197911EC00E98FB8 /* Debug */,
				3834E538197911EC00E98FB8 /* Release */,
			);
			defaultConfigurationIsVisible = 0;
		};
		3834E539197911EC00E98FB8 /* Build configuration list for PBXNativeTarget "controllingSourceTests" */ = {
			isa = XCConfigurationList;
			buildConfigurations = (
				3834E53A197911EC00E98FB8 /* Debug */,
				3834E53B197911EC00E98FB8 /* Release */,
			);
			defaultConfigurationIsVisible = 0;
		};
/* End XCConfigurationList section */

/* Begin XCVersionGroup section */
		3834E515197911EC00E98FB8 /* controllingSource.xcdatamodeld */ = {
			isa = XCVersionGroup;
			children = (
				3834E516197911EC00E98FB8 /* controllingSource.xcdatamodel */,
			);
			currentVersion = 3834E516197911EC00E98FB8 /* controllingSource.xcdatamodel */;
			path = controllingSource.xcdatamodeld;
			sourceTree = "<group>";
			versionGroupType = wrapper.xcdatamodel;
		};
/* End XCVersionGroup section */
	};
	rootObject = 3834E4F3197911EC00E98FB8 /* Project object */;
}
